PODS:
  - Realm (10.28.7):
    - Realm/Headers (= 10.28.7)
  - Realm/Headers (10.28.7)
  - RealmSwift (10.28.7):
    - Realm (= 10.28.7)
  - SwipeCellKit (2.7.1)

DEPENDENCIES:
  - RealmSwift (~> 10)
  - SwipeCellKit

SPEC REPOS:
  trunk:
    - Realm
    - RealmSwift
    - SwipeCellKit

SPEC CHECKSUMS:
  Realm: d1d5ad078b9c1d22f99f7f7f2e692b548b518f24
  RealmSwift: 7c38e0acca7d3df9cc60d79c073ef68245351d0e
  SwipeCellKit: 3972254a826da74609926daf59b08d6c72e619ea

PODFILE CHECKSUM: 0a5b62f47f7d4e49367fee03ede689f230f87ff9

COCOAPODS: 1.11.3
